# This file was autogenerated by Stack.
# You should not edit this file by hand.
# For more information, please see the documentation at:
#   https://docs.haskellstack.org/en/stable/lock_files

packages:
- completed:
    name: uvmhs
    version: 0.0.0.0
    git: https://github.com/uvm-plaid/uvmhs.git
    pantry-tree:
      size: 122391
      sha256: 66b8d59d27f548318631d5830c957f561de8160ffcff4eb9a7dca60bed13afc4
    commit: e1cacfba5575fbf0395679e997cc4379d971c71e
  original:
    git: https://github.com/uvm-plaid/uvmhs.git
    commit: e1cacfba5575fbf0395679e997cc4379d971c71e
snapshots:
- completed:
    size: 524996
    url: https://raw.githubusercontent.com/commercialhaskell/stackage-snapshots/master/lts/14/27.yaml
    sha256: 7ea31a280c56bf36ff591a7397cc384d0dff622e7f9e4225b47d8980f019a0f0
  original: lts-14.27
