# This file was autogenerated by Stack.
# You should not edit this file by hand.
# For more information, please see the documentation at:
#   https://docs.haskellstack.org/en/stable/lock_files

packages:
- completed:
    cabal-file:
      size: 4267
      sha256: 900b945bcf4ec202391e0dd4f2643ac3be1107c03a3e254d70237a3005f4971b
    name: uvmhs
    version: 0.0.0.0
    git: https://github.com/uvm-plaid/uvmhs.git
    pantry-tree:
      size: 135265
      sha256: 422351bf7a951e1cc535879140afe33efeab40c3fe11ea3514c330461b313f83
    commit: ff88ed8f4e5191fbd9f4712dc201c9e0e609edf8
  original:
    git: https://github.com/uvm-plaid/uvmhs.git
    commit: ff88ed8f4e5191fbd9f4712dc201c9e0e609edf8
snapshots:
- completed:
    size: 524996
    url: https://raw.githubusercontent.com/commercialhaskell/stackage-snapshots/master/lts/14/27.yaml
    sha256: 7ea31a280c56bf36ff591a7397cc384d0dff622e7f9e4225b47d8980f019a0f0
  original: lts-14.27
