# This file was autogenerated by Stack.
# You should not edit this file by hand.
# For more information, please see the documentation at:
#   https://docs.haskellstack.org/en/stable/lock_files

packages:
- completed:
    cabal-file:
      size: 4331
      sha256: 18302d4b7270233651d7f412dd048deaefbdb1f8aadf842bc94ddaf311c5a4a6
    name: uvmhs
    version: 0.0.0.0
    git: https://github.com/uvm-plaid/uvmhs.git
    pantry-tree:
      size: 135265
      sha256: d5ff3b3c0d0e8d38ee65f9b2c46d293e95893eceaa62f18a10913f68f42cb245
    commit: 8eb1ecfae3253e8ed154cfb1dd41f6ad8df76913
  original:
    git: https://github.com/uvm-plaid/uvmhs.git
    commit: 8eb1ecfae3253e8ed154cfb1dd41f6ad8df76913
snapshots:
- completed:
    size: 524996
    url: https://raw.githubusercontent.com/commercialhaskell/stackage-snapshots/master/lts/14/27.yaml
    sha256: 7ea31a280c56bf36ff591a7397cc384d0dff622e7f9e4225b47d8980f019a0f0
  original: lts-14.27
